{
    "name": "language-server",
    "lockfileVersion": 2,
    "requires": true,
    "packages": {
        "": {
            "dependencies": {
                "copilot-node-server": "^1.32.0"
            }
        },
        "node_modules/copilot-node-server": {
            "version": "1.32.0",
            "resolved": "https://registry.npmjs.org/copilot-node-server/-/copilot-node-server-1.32.0.tgz",
            "integrity": "sha512-7XjyNLIMeMBSNboYV85/yMXr+KS3grmld1jCJagKECFyvNknsjOrwQWnSGoz8LHlt4Sn5M4JqC4sZuZ8+YkRVg=="
        }
    },
    "dependencies": {
        "copilot-node-server": {
            "version": "1.32.0",
            "resolved": "https://registry.npmjs.org/copilot-node-server/-/copilot-node-server-1.32.0.tgz",
            "integrity": "sha512-7XjyNLIMeMBSNboYV85/yMXr+KS3grmld1jCJagKECFyvNknsjOrwQWnSGoz8LHlt4Sn5M4JqC4sZuZ8+YkRVg=="
        }
    }
}
