{
    "name": "language-server",
    "lockfileVersion": 2,
    "requires": true,
    "packages": {
        "": {
            "dependencies": {
                "copilot-node-server": "^1.39.0"
            }
        },
        "node_modules/copilot-node-server": {
            "version": "1.39.0",
            "resolved": "https://registry.npmjs.org/copilot-node-server/-/copilot-node-server-1.39.0.tgz",
            "integrity": "sha512-MHd2ATmRQcyyqjQW/4J+8fSEHPmRCApLrkPh89X/QiTtqP6CgOYwKIUfwM4ANfbIBe2XAxqmoq3XAqqFKtjefw=="
        }
    },
    "dependencies": {
        "copilot-node-server": {
            "version": "1.39.0",
            "resolved": "https://registry.npmjs.org/copilot-node-server/-/copilot-node-server-1.39.0.tgz",
            "integrity": "sha512-MHd2ATmRQcyyqjQW/4J+8fSEHPmRCApLrkPh89X/QiTtqP6CgOYwKIUfwM4ANfbIBe2XAxqmoq3XAqqFKtjefw=="
        }
    }
}
