{
    "name": "language-server",
    "lockfileVersion": 2,
    "requires": true,
    "packages": {
        "": {
            "dependencies": {
                "copilot-node-server": "^1.14.0"
            }
        },
        "node_modules/copilot-node-server": {
            "version": "1.14.0",
            "resolved": "https://registry.npmjs.org/copilot-node-server/-/copilot-node-server-1.14.0.tgz",
            "integrity": "sha512-akyEGXwu/jZwc7+QIxkr/kKxiCp6yCQ9742J16/YposLMcgQHUDlag9WP+TjxD6HXPRFU53+8mKrUld5CS+slw==",
            "bin": {
                "copilot-node-server": "bin/copilot-node-server"
            }
        }
    },
    "dependencies": {
        "copilot-node-server": {
            "version": "1.14.0",
            "resolved": "https://registry.npmjs.org/copilot-node-server/-/copilot-node-server-1.14.0.tgz",
            "integrity": "sha512-akyEGXwu/jZwc7+QIxkr/kKxiCp6yCQ9742J16/YposLMcgQHUDlag9WP+TjxD6HXPRFU53+8mKrUld5CS+slw=="
        }
    }
}
